
Microsoft Visual Studio Solution File, Format Version 12.00
# Visual Studio 14
VisualStudioVersion = 14.0.22823.1
MinimumVisualStudioVersion = 10.0.40219.1
Project("{FAE04EC0-301F-11D3-BF4B-00C04F79EFBC}") = "themonitoringisnear", "themonitoringisnear\themonitoringisnear.csproj", "{D839E6AE-7C74-4570-8912-3BCB8E33CFA7}"
EndProject
Global
	GlobalSection(SolutionConfigurationPlatforms) = preSolution
		Debug|Any CPU = Debug|Any CPU
		Release|Any CPU = Release|Any CPU
	EndGlobalSection
	GlobalSection(ProjectConfigurationPlatforms) = postSolution
		{D839E6AE-7C74-4570-8912-3BCB8E33CFA7}.Debug|Any CPU.ActiveCfg = Debug|Any CPU
		{D839E6AE-7C74-4570-8912-3BCB8E33CFA7}.Debug|Any CPU.Build.0 = Debug|Any CPU
		{D839E6AE-7C74-4570-8912-3BCB8E33CFA7}.Release|Any CPU.ActiveCfg = Release|Any CPU
		{D839E6AE-7C74-4570-8912-3BCB8E33CFA7}.Release|Any CPU.Build.0 = Release|Any CPU
	EndGlobalSection
	GlobalSection(SolutionProperties) = preSolution
		HideSolutionNode = FALSE
	EndGlobalSection
EndGlobal
